{
  "name": "@adobe/gatsby-theme-aio",
  "version": "3.10.0",
  "lockfileVersion": 1,
  "requires": true,
  "dependencies": {
    "@algolia/cache-browser-local-storage": {
      "version": "4.9.1",
      "resolved": "https://registry.npmjs.org/@algolia/cache-browser-local-storage/-/cache-browser-local-storage-4.9.1.tgz",
      "integrity": "sha512-bAUU9vKCy45uTTlzJw0LYu1IjoZsmzL6lgjaVFaW1crhX/4P+JD5ReQv3n/wpiXSFaHq1WEO3WyH2g3ymzeipQ==",
      "requires": {
        "@algolia/cache-common": "4.9.1"
      }
    },
    "@algolia/cache-common": {
      "version": "4.9.1",
      "resolved": "https://registry.npmjs.org/@algolia/cache-common/-/cache-common-4.9.1.tgz",
      "integrity": "sha512-tcvw4mOfFy44V4ZxDEy9wNGr6vFROZKRpXKTEBgdw/WBn6mX51H1ar4RWtceDEcDU4H5fIv5tsY3ip2hU+fTPg=="
    },
    "@algolia/cache-in-memory": {
      "version": "4.9.1",
      "resolved": "https://registry.npmjs.org/@algolia/cache-in-memory/-/cache-in-memory-4.9.1.tgz",
      "integrity": "sha512-IEJrHonvdymW2CnRfJtsTVWyfAH05xPEFkGXGCw00+6JNCj8Dln3TeaRLiaaY1srlyGedkemekQm1/Xb46CGOQ==",
      "requires": {
        "@algolia/cache-common": "4.9.1"
      }
    },
    "@algolia/client-account": {
      "version": "4.9.1",
      "resolved": "https://registry.npmjs.org/@algolia/client-account/-/client-account-4.9.1.tgz",
      "integrity": "sha512-Shpjeuwb7i2LR5QuWREb6UbEQLGB+Pl/J5+wPgILJDP/uWp7jpl0ase9mYNQGKj7TjztpSpQCPZ3dSHPnzZPfw==",
      "requires": {
        "@algolia/client-common": "4.9.1",
        "@algolia/client-search": "4.9.1",
        "@algolia/transporter": "4.9.1"
      }
    },
    "@algolia/client-analytics": {
      "version": "4.9.1",
      "resolved": "https://registry.npmjs.org/@algolia/client-analytics/-/client-analytics-4.9.1.tgz",
      "integrity": "sha512-/g6OkOSIA+A0t/tjvbL6iG/zV4El4LPFgv/tcAYHTH27BmlNtnEXw+iFpGjeUlQoPily9WVB3QNLMJkaNwL3HA==",
      "requires": {
        "@algolia/client-common": "4.9.1",
        "@algolia/client-search": "4.9.1",
        "@algolia/requester-common": "4.9.1",
        "@algolia/transporter": "4.9.1"
      }
    },
    "@algolia/client-common": {
      "version": "4.9.1",
      "resolved": "https://registry.npmjs.org/@algolia/client-common/-/client-common-4.9.1.tgz",
      "integrity": "sha512-UziRTZ8km3qwoVPIyEre8TV6V+MX7UtbfVqPmSafZ0xu41UUZ+sL56YoKjOXkbKuybeIC9prXMGy/ID5bXkTqg==",
      "requires": {
        "@algolia/requester-common": "4.9.1",
        "@algolia/transporter": "4.9.1"
      }
    },
    "@algolia/client-recommendation": {
      "version": "4.9.1",
      "resolved": "https://registry.npmjs.org/@algolia/client-recommendation/-/client-recommendation-4.9.1.tgz",
      "integrity": "sha512-Drtvvm1PNIOpYf4HFlkPFstFQ3IsN+TRmxur2F7y6Faplb5ybISa8ithu1tmlTdyTf3A78hQUQjgJet6qD2XZw==",
      "requires": {
        "@algolia/client-common": "4.9.1",
        "@algolia/requester-common": "4.9.1",
        "@algolia/transporter": "4.9.1"
      }
    },
    "@algolia/client-search": {
      "version": "4.9.1",
      "resolved": "https://registry.npmjs.org/@algolia/client-search/-/client-search-4.9.1.tgz",
      "integrity": "sha512-r9Cw2r8kJr45iYncFDht6EshARghU265wuY8Q8oHrpFHjAziEYdsUOdNmQKbsSH5J3gLjDPx1EI5DzVd6ivn3w==",
      "requires": {
        "@algolia/client-common": "4.9.1",
        "@algolia/requester-common": "4.9.1",
        "@algolia/transporter": "4.9.1"
      }
    },
    "@algolia/logger-common": {
      "version": "4.9.1",
      "resolved": "https://registry.npmjs.org/@algolia/logger-common/-/logger-common-4.9.1.tgz",
      "integrity": "sha512-9mPrbFlFyPT7or/7PXTiJjyOewWB9QRkZKVXkt5zHAUiUzGxmmdpJIGpPv3YQnDur8lXrXaRI0MHXUuIDMY1ng=="
    },
    "@algolia/logger-console": {
      "version": "4.9.1",
      "resolved": "https://registry.npmjs.org/@algolia/logger-console/-/logger-console-4.9.1.tgz",
      "integrity": "sha512-74VUwjtFjFpjZpi3QoHIPv0kcr3vWUSHX/Vs8PJW3lPsD4CgyhFenQbG9v+ZnyH0JrJwiYTtzfmrVh7IMWZGrQ==",
      "requires": {
        "@algolia/logger-common": "4.9.1"
      }
    },
    "@algolia/requester-browser-xhr": {
      "version": "4.9.1",
      "resolved": "https://registry.npmjs.org/@algolia/requester-browser-xhr/-/requester-browser-xhr-4.9.1.tgz",
      "integrity": "sha512-zc46tk5o0ikOAz3uYiRAMxC2iVKAMFKT7nNZnLB5IzT0uqAh7pz/+D/UvIxP4bKmsllpBSnPcpfQF+OI4Ag/BA==",
      "requires": {
        "@algolia/requester-common": "4.9.1"
      }
    },
    "@algolia/requester-common": {
      "version": "4.9.1",
      "resolved": "https://registry.npmjs.org/@algolia/requester-common/-/requester-common-4.9.1.tgz",
      "integrity": "sha512-9hPgXnlCSbqJqF69M5x5WN3h51Dc+mk/iWNeJSVxExHGvCDfBBZd0v6S15i8q2a9cD1I2RnhMpbnX5BmGtabVA=="
    },
    "@algolia/requester-node-http": {
      "version": "4.9.1",
      "resolved": "https://registry.npmjs.org/@algolia/requester-node-http/-/requester-node-http-4.9.1.tgz",
      "integrity": "sha512-vYNVbSCuyrCSCjHBQJk+tLZtWCjvvDf5tSbRJjyJYMqpnXuIuP7gZm24iHil4NPYBhbBj5NU2ZDAhc/gTn75Ag==",
      "requires": {
        "@algolia/requester-common": "4.9.1"
      }
    },
    "@algolia/transporter": {
      "version": "4.9.1",
      "resolved": "https://registry.npmjs.org/@algolia/transporter/-/transporter-4.9.1.tgz",
      "integrity": "sha512-AbjFfGzX+cAuj7Qyc536OxIQzjFOA5FU2ANGStx8LBH+AKXScwfkx67C05riuaRR5adSCLMSEbVvUscH0nF+6A==",
      "requires": {
        "@algolia/cache-common": "4.9.1",
        "@algolia/logger-common": "4.9.1",
        "@algolia/requester-common": "4.9.1"
      }
    },
    "@babel/runtime": {
      "version": "7.14.0",
      "resolved": "https://registry.npmjs.org/@babel/runtime/-/runtime-7.14.0.tgz",
      "integrity": "sha512-JELkvo/DlpNdJ7dlyw/eY7E0suy5i5GQH+Vlxaq1nsNJ+H7f4Vtv3jMeCEgRhZZQFXTjldYfQgv2qmM6M1v5wA==",
      "requires": {
        "regenerator-runtime": "^0.13.4"
      }
    },
    "algoliasearch": {
      "version": "4.9.1",
      "resolved": "https://registry.npmjs.org/algoliasearch/-/algoliasearch-4.9.1.tgz",
      "integrity": "sha512-EeJUYXzBEhZSsL6tXc3hseLBCtlNLa1MZ4mlMK6EeX38yRjY5vgnFcNNml6uUhlOjvheKxgkKRpPWkxgL8Cqkg==",
      "requires": {
        "@algolia/cache-browser-local-storage": "4.9.1",
        "@algolia/cache-common": "4.9.1",
        "@algolia/cache-in-memory": "4.9.1",
        "@algolia/client-account": "4.9.1",
        "@algolia/client-analytics": "4.9.1",
        "@algolia/client-common": "4.9.1",
        "@algolia/client-recommendation": "4.9.1",
        "@algolia/client-search": "4.9.1",
        "@algolia/logger-common": "4.9.1",
        "@algolia/logger-console": "4.9.1",
        "@algolia/requester-browser-xhr": "4.9.1",
        "@algolia/requester-common": "4.9.1",
        "@algolia/requester-node-http": "4.9.1",
        "@algolia/transporter": "4.9.1"
      }
    },
    "algoliasearch-helper": {
      "version": "3.4.4",
      "resolved": "https://registry.npmjs.org/algoliasearch-helper/-/algoliasearch-helper-3.4.4.tgz",
      "integrity": "sha512-OjyVLjykaYKCMxxRMZNiwLp8CS310E0qAeIY2NaublcmLAh8/SL19+zYHp7XCLtMem2ZXwl3ywMiA32O9jszuw==",
      "requires": {
        "events": "^1.1.1"
      }
    },
    "events": {
      "version": "1.1.1",
      "resolved": "https://registry.npmjs.org/events/-/events-1.1.1.tgz",
      "integrity": "sha1-nr23Y1rQmccNzEwqH1AEKI6L2SQ="
    },
    "js-tokens": {
      "version": "4.0.0",
      "resolved": "https://registry.npmjs.org/js-tokens/-/js-tokens-4.0.0.tgz",
      "integrity": "sha512-RdJUflcE3cUzKiMqQgsCu06FPu9UdIJO0beYbPhHN4k6apgJtifcoCtT9bcxOpYBtpD2kCM6Sbzg4CausW/PKQ=="
    },
    "loose-envify": {
      "version": "1.4.0",
      "resolved": "https://registry.npmjs.org/loose-envify/-/loose-envify-1.4.0.tgz",
      "integrity": "sha512-lyuxPGr/Wfhrlem2CL/UcnUc1zcqKAImBDzukY7Y5F/yQiNdko6+fRLevlw1HgMySw7f611UIY408EtxRSoK3Q==",
      "requires": {
        "js-tokens": "^3.0.0 || ^4.0.0"
      }
    },
    "react-fast-compare": {
      "version": "3.2.0",
      "resolved": "https://registry.npmjs.org/react-fast-compare/-/react-fast-compare-3.2.0.tgz",
      "integrity": "sha512-rtGImPZ0YyLrscKI9xTpV8psd6I8VAtjKCzQDlzyDvqJA8XOW78TXYQwNRNd8g8JZnDu8q9Fu/1v4HPAVwVdHA=="
    },
    "react-instantsearch-core": {
      "version": "6.11.0",
      "resolved": "https://registry.npmjs.org/react-instantsearch-core/-/react-instantsearch-core-6.11.0.tgz",
      "integrity": "sha512-RE5pPuSL5e3+wgMl+QLY+MgyqgNXBrfppqk3podOXTdWpQ5VdaXVrpeWVcmFJlRRKPLJI6RGqCiHVRTaGt1HVw==",
      "requires": {
        "@babel/runtime": "^7.1.2",
        "algoliasearch-helper": "^3.4.3",
        "prop-types": "^15.6.2",
        "react-fast-compare": "^3.0.0"
      },
      "dependencies": {
        "object-assign": {
          "version": "4.1.1",
          "resolved": "https://registry.npmjs.org/object-assign/-/object-assign-4.1.1.tgz",
          "integrity": "sha1-IQmtx5ZYh8/AXLvUQsrIv7s2CGM="
        },
        "prop-types": {
          "version": "15.7.2",
          "resolved": "https://registry.npmjs.org/prop-types/-/prop-types-15.7.2.tgz",
          "integrity": "sha512-8QQikdH7//R2vurIJSutZ1smHYTcLpRWEOlHnzcWHmBYrOGUysKwSsrC89BCiFj3CbrfJ/nXFdJepOVrY1GCHQ==",
          "requires": {
            "loose-envify": "^1.4.0",
            "object-assign": "^4.1.1",
            "react-is": "^16.8.1"
          }
        }
      }
    },
    "react-instantsearch-dom": {
      "version": "6.11.0",
      "resolved": "https://registry.npmjs.org/react-instantsearch-dom/-/react-instantsearch-dom-6.11.0.tgz",
      "integrity": "sha512-OXbP3OuT52HAoCbQiPxPAL9q/Lm5pm+eRx8TMKB2kcf6fQzc+L7RMy7fveuMENcmBks+vdD2+G7DGM8oVv9etg==",
      "requires": {
        "@babel/runtime": "^7.1.2",
        "algoliasearch-helper": "^3.4.3",
        "classnames": "^2.2.5",
        "prop-types": "^15.6.2",
        "react-fast-compare": "^3.0.0",
        "react-instantsearch-core": "^6.11.0"
      },
      "dependencies": {
        "classnames": {
          "version": "2.3.1",
          "resolved": "https://registry.npmjs.org/classnames/-/classnames-2.3.1.tgz",
          "integrity": "sha512-OlQdbZ7gLfGarSqxesMesDa5uz7KFbID8Kpq/SxIoNGDqY8lSYs0D+hhtBXhcdB3rcbXArFr7vlHheLk1voeNA=="
        },
        "object-assign": {
          "version": "4.1.1",
          "resolved": "https://registry.npmjs.org/object-assign/-/object-assign-4.1.1.tgz",
          "integrity": "sha1-IQmtx5ZYh8/AXLvUQsrIv7s2CGM="
        },
        "prop-types": {
          "version": "15.7.2",
          "resolved": "https://registry.npmjs.org/prop-types/-/prop-types-15.7.2.tgz",
          "integrity": "sha512-8QQikdH7//R2vurIJSutZ1smHYTcLpRWEOlHnzcWHmBYrOGUysKwSsrC89BCiFj3CbrfJ/nXFdJepOVrY1GCHQ==",
          "requires": {
            "loose-envify": "^1.4.0",
            "object-assign": "^4.1.1",
            "react-is": "^16.8.1"
          }
        }
      }
    },
    "react-is": {
      "version": "16.13.1",
      "resolved": "https://registry.npmjs.org/react-is/-/react-is-16.13.1.tgz",
      "integrity": "sha512-24e6ynE2H+OKt4kqsOvNd8kBpV65zoxbA4BVsEOB3ARVWQki/DHzaUoC5KuON/BiccDaCCTZBuOcfZs70kR8bQ=="
    },
    "regenerator-runtime": {
      "version": "0.13.7",
      "resolved": "https://registry.npmjs.org/regenerator-runtime/-/regenerator-runtime-0.13.7.tgz",
      "integrity": "sha512-a54FxoJDIr27pgf7IgeQGxmqUNYrcV338lf/6gH456HZ/PhX+5BcwHXG9ajESmwe6WRO0tAzRUrRmNONWgkrew=="
    },
    "uuid": {
      "version": "8.3.2"
    }
  }
}
